// !$*UTF8*$!
{
	archiveVersion = 1;
	classes = {
	};
	objectVersion = 46;
	objects = {

/* Begin PBXBuildFile section */
		487C69C61B846551FE248CD3 /* Pods_Cerberus.framework in Frameworks */ = {isa = PBXBuildFile; fileRef = 4E15FF9451C8F1C787764BB5 /* Pods_Cerberus.framework */; };
		4EFAF3F22448138B65776C79 /* Assets.xcassets in Resources */ = {isa = PBXBuildFile; fileRef = 4EFAF5FDCD01EF4345CF5256 /* Assets.xcassets */; };
		4EFAF3FCC4523925528FACCF /* ViewController.swift in Sources */ = {isa = PBXBuildFile; fileRef = 4EFAF4BBD656F44832C30B6E /* ViewController.swift */; };
		4EFAF9CA54DDB7609D8F526A /* LaunchScreen.storyboard in Resources */ = {isa = PBXBuildFile; fileRef = 4EFAF3298805635C63C505D6 /* LaunchScreen.storyboard */; };
		4EFAFCD6C61605C5EF2EB6C0 /* Main.storyboard in Resources */ = {isa = PBXBuildFile; fileRef = 4EFAF31B708C99FF90FC17FF /* Main.storyboard */; };
		4EFAFFA14751DCB3B699ACAD /* AppDelegate.swift in Sources */ = {isa = PBXBuildFile; fileRef = 4EFAF8A1C50A36CFF91B13BB /* AppDelegate.swift */; };
/* End PBXBuildFile section */

/* Begin PBXFileReference section */
		18D264F3BEC2A8C4E43AE5B6 /* Pods-Cerberus.release.xcconfig */ = {isa = PBXFileReference; includeInIndex = 1; lastKnownFileType = text.xcconfig; name = "Pods-Cerberus.release.xcconfig"; path = "Pods/Target Support Files/Pods-Cerberus/Pods-Cerberus.release.xcconfig"; sourceTree = "<group>"; };
		4E15FF9451C8F1C787764BB5 /* Pods_Cerberus.framework */ = {isa = PBXFileReference; explicitFileType = wrapper.framework; includeInIndex = 0; path = Pods_Cerberus.framework; sourceTree = BUILT_PRODUCTS_DIR; };
		4EFAF006F241030D390A1362 /* Base */ = {isa = PBXFileReference; lastKnownFileType = file.storyboard; name = Base; path = Base.lproj/LaunchScreen.storyboard; sourceTree = "<group>"; };
		4EFAF1EE216848F03EEB1216 /* Info.plist */ = {isa = PBXFileReference; lastKnownFileType = text.plist.info; path = Info.plist; sourceTree = "<group>"; };
		4EFAF4BBD656F44832C30B6E /* ViewController.swift */ = {isa = PBXFileReference; lastKnownFileType = sourcecode.swift; path = ViewController.swift; sourceTree = "<group>"; };
		4EFAF5FDCD01EF4345CF5256 /* Assets.xcassets */ = {isa = PBXFileReference; lastKnownFileType = folder.assetcatalog; path = Assets.xcassets; sourceTree = "<group>"; };
		4EFAF8A1C50A36CFF91B13BB /* AppDelegate.swift */ = {isa = PBXFileReference; lastKnownFileType = sourcecode.swift; path = AppDelegate.swift; sourceTree = "<group>"; };
		4EFAFB1963E861D6CA639E96 /* Base */ = {isa = PBXFileReference; lastKnownFileType = file.storyboard; name = Base; path = Base.lproj/Main.storyboard; sourceTree = "<group>"; };
		4EFAFDDFDEC17700757638C8 /* Cerberus.app */ = {isa = PBXFileReference; explicitFileType = wrapper.application; includeInIndex = 0; path = Cerberus.app; sourceTree = BUILT_PRODUCTS_DIR; };
		F44B304770CF12507A4FB195 /* Pods-Cerberus.debug.xcconfig */ = {isa = PBXFileReference; includeInIndex = 1; lastKnownFileType = text.xcconfig; name = "Pods-Cerberus.debug.xcconfig"; path = "Pods/Target Support Files/Pods-Cerberus/Pods-Cerberus.debug.xcconfig"; sourceTree = "<group>"; };
/* End PBXFileReference section */

/* Begin PBXFrameworksBuildPhase section */
		4EFAFC2E744191926BBF8DD7 /* Frameworks */ = {
			isa = PBXFrameworksBuildPhase;
			buildActionMask = 2147483647;
			files = (
				487C69C61B846551FE248CD3 /* Pods_Cerberus.framework in Frameworks */,
			);
			runOnlyForDeploymentPostprocessing = 0;
		};
/* End PBXFrameworksBuildPhase section */

/* Begin PBXGroup section */
		4EFAF17D8BE0EAA57A11C1D7 = {
			isa = PBXGroup;
			children = (
				4EFAF4162A6698D0C9E6CC9F /* Products */,
				4EFAF5AC47F1574214DB9819 /* Cerberus */,
				B5F1ED8B014510EA7B180CFB /* Pods */,
				9207CC604C5551A88F41C899 /* Frameworks */,
			);
			sourceTree = "<group>";
		};
		4EFAF4162A6698D0C9E6CC9F /* Products */ = {
			isa = PBXGroup;
			children = (
				4EFAFDDFDEC17700757638C8 /* Cerberus.app */,
			);
			name = Products;
			sourceTree = "<group>";
		};
		4EFAF5AC47F1574214DB9819 /* Cerberus */ = {
			isa = PBXGroup;
			children = (
				4EFAF1EE216848F03EEB1216 /* Info.plist */,
				4EFAF5FDCD01EF4345CF5256 /* Assets.xcassets */,
				4EFAF3298805635C63C505D6 /* LaunchScreen.storyboard */,
				4EFAF8A1C50A36CFF91B13BB /* AppDelegate.swift */,
				4EFAF31B708C99FF90FC17FF /* Main.storyboard */,
				4EFAF4BBD656F44832C30B6E /* ViewController.swift */,
			);
			path = Cerberus;
			sourceTree = "<group>";
		};
		9207CC604C5551A88F41C899 /* Frameworks */ = {
			isa = PBXGroup;
			children = (
				4E15FF9451C8F1C787764BB5 /* Pods_Cerberus.framework */,
			);
			name = Frameworks;
			sourceTree = "<group>";
		};
		B5F1ED8B014510EA7B180CFB /* Pods */ = {
			isa = PBXGroup;
			children = (
				F44B304770CF12507A4FB195 /* Pods-Cerberus.debug.xcconfig */,
				18D264F3BEC2A8C4E43AE5B6 /* Pods-Cerberus.release.xcconfig */,
			);
			name = Pods;
			sourceTree = "<group>";
		};
/* End PBXGroup section */

/* Begin PBXNativeTarget section */
		4EFAFF020546B138E649EEFC /* Cerberus */ = {
			isa = PBXNativeTarget;
			buildConfigurationList = 4EFAFE7C3C376E027068D55D /* Build configuration list for PBXNativeTarget "Cerberus" */;
			buildPhases = (
				841FC56CB0B529DC7CE207D0 /* [CP] Check Pods Manifest.lock */,
				4EFAFA09CE05A6307FBFC0EA /* Sources */,
				4EFAFC2E744191926BBF8DD7 /* Frameworks */,
				4EFAFCACC4190DC7E1D6E24D /* Resources */,
				89BD4072B57689B83EF03B11 /* [CP] Embed Pods Frameworks */,
				2B38E531A1CAF12BB35B7030 /* [CP] Copy Pods Resources */,
			);
			buildRules = (
			);
			dependencies = (
			);
			name = Cerberus;
			productName = Cerberus;
			productReference = 4EFAFDDFDEC17700757638C8 /* Cerberus.app */;
			productType = "com.apple.product-type.application";
		};
/* End PBXNativeTarget section */

/* Begin PBXProject section */
		4EFAF909B076F373451EB305 /* Project object */ = {
			isa = PBXProject;
			attributes = {
				ORGANIZATIONNAME = Treehacks2018;
			};
			buildConfigurationList = 4EFAF4DBE495CA399D44DACF /* Build configuration list for PBXProject "Cerberus" */;
			compatibilityVersion = "Xcode 3.2";
			developmentRegion = English;
			hasScannedForEncodings = 0;
			knownRegions = (
				en,
			);
			mainGroup = 4EFAF17D8BE0EAA57A11C1D7;
			productRefGroup = 4EFAF4162A6698D0C9E6CC9F /* Products */;
			projectDirPath = "";
			projectRoot = "";
			targets = (
				4EFAFF020546B138E649EEFC /* Cerberus */,
			);
		};
/* End PBXProject section */

/* Begin PBXResourcesBuildPhase section */
		4EFAFCACC4190DC7E1D6E24D /* Resources */ = {
			isa = PBXResourcesBuildPhase;
			buildActionMask = 2147483647;
			files = (
				4EFAF3F22448138B65776C79 /* Assets.xcassets in Resources */,
				4EFAF9CA54DDB7609D8F526A /* LaunchScreen.storyboard in Resources */,
				4EFAFCD6C61605C5EF2EB6C0 /* Main.storyboard in Resources */,
			);
			runOnlyForDeploymentPostprocessing = 0;
		};
/* End PBXResourcesBuildPhase section */

/* Begin PBXShellScriptBuildPhase section */
		2B38E531A1CAF12BB35B7030 /* [CP] Copy Pods Resources */ = {
			isa = PBXShellScriptBuildPhase;
			buildActionMask = 2147483647;
			files = (
			);
			inputPaths = (
			);
			name = "[CP] Copy Pods Resources";
			outputPaths = (
			);
			runOnlyForDeploymentPostprocessing = 0;
			shellPath = /bin/sh;
			shellScript = "\"${SRCROOT}/Pods/Target Support Files/Pods-Cerberus/Pods-Cerberus-resources.sh\"\n";
			showEnvVarsInLog = 0;
		};
		841FC56CB0B529DC7CE207D0 /* [CP] Check Pods Manifest.lock */ = {
			isa = PBXShellScriptBuildPhase;
			buildActionMask = 2147483647;
			files = (
			);
			inputPaths = (
				"${PODS_PODFILE_DIR_PATH}/Podfile.lock",
				"${PODS_ROOT}/Manifest.lock",
			);
			name = "[CP] Check Pods Manifest.lock";
			outputPaths = (
				"$(DERIVED_FILE_DIR)/Pods-Cerberus-checkManifestLockResult.txt",
			);
			runOnlyForDeploymentPostprocessing = 0;
			shellPath = /bin/sh;
			shellScript = "diff \"${PODS_PODFILE_DIR_PATH}/Podfile.lock\" \"${PODS_ROOT}/Manifest.lock\" > /dev/null\nif [ $? != 0 ] ; then\n    # print error to STDERR\n    echo \"error: The sandbox is not in sync with the Podfile.lock. Run 'pod install' or update your CocoaPods installation.\" >&2\n    exit 1\nfi\n# This output is used by Xcode 'outputs' to avoid re-running this script phase.\necho \"SUCCESS\" > \"${SCRIPT_OUTPUT_FILE_0}\"\n";
			showEnvVarsInLog = 0;
		};
		89BD4072B57689B83EF03B11 /* [CP] Embed Pods Frameworks */ = {
			isa = PBXShellScriptBuildPhase;
			buildActionMask = 2147483647;
			files = (
			);
			inputPaths = (
				"${SRCROOT}/Pods/Target Support Files/Pods-Cerberus/Pods-Cerberus-frameworks.sh",
				"${PODS_ROOT}/MotionDnaSDK/MotionDnaSDK.framework",
				"${PODS_ROOT}/NavisensPlugins/navisenscore/NavisensCore.framework",
				"${PODS_ROOT}/NavisensPlugins/navisensmaps/NavisensMaps.framework",
			);
			name = "[CP] Embed Pods Frameworks";
			outputPaths = (
				"${TARGET_BUILD_DIR}/${FRAMEWORKS_FOLDER_PATH}/MotionDnaSDK.framework",
				"${TARGET_BUILD_DIR}/${FRAMEWORKS_FOLDER_PATH}/NavisensCore.framework",
				"${TARGET_BUILD_DIR}/${FRAMEWORKS_FOLDER_PATH}/NavisensMaps.framework",
			);
			runOnlyForDeploymentPostprocessing = 0;
			shellPath = /bin/sh;
			shellScript = "\"${SRCROOT}/Pods/Target Support Files/Pods-Cerberus/Pods-Cerberus-frameworks.sh\"\n";
			showEnvVarsInLog = 0;
		};
/* End PBXShellScriptBuildPhase section */

/* Begin PBXSourcesBuildPhase section */
		4EFAFA09CE05A6307FBFC0EA /* Sources */ = {
			isa = PBXSourcesBuildPhase;
			buildActionMask = 2147483647;
			files = (
				4EFAFFA14751DCB3B699ACAD /* AppDelegate.swift in Sources */,
				4EFAF3FCC4523925528FACCF /* ViewController.swift in Sources */,
			);
			runOnlyForDeploymentPostprocessing = 0;
		};
/* End PBXSourcesBuildPhase section */

/* Begin PBXVariantGroup section */
		4EFAF31B708C99FF90FC17FF /* Main.storyboard */ = {
			isa = PBXVariantGroup;
			children = (
				4EFAFB1963E861D6CA639E96 /* Base */,
			);
			name = Main.storyboard;
			sourceTree = "<group>";
		};
		4EFAF3298805635C63C505D6 /* LaunchScreen.storyboard */ = {
			isa = PBXVariantGroup;
			children = (
				4EFAF006F241030D390A1362 /* Base */,
			);
			name = LaunchScreen.storyboard;
			sourceTree = "<group>";
		};
/* End PBXVariantGroup section */

/* Begin XCBuildConfiguration section */
		4EFAF344AA8FFD89AF17E022 /* Release */ = {
			isa = XCBuildConfiguration;
			baseConfigurationReference = 18D264F3BEC2A8C4E43AE5B6 /* Pods-Cerberus.release.xcconfig */;
			buildSettings = {
				ASSETCATALOG_COMPILER_APPICON_NAME = AppIcon;
				INFOPLIST_FILE = Cerberus/Info.plist;
				LD_RUNPATH_SEARCH_PATHS = "$(inherited) @executable_path/Frameworks";
				PRODUCT_BUNDLE_IDENTIFIER = com.treehacks2018.Cerberus;
				PRODUCT_NAME = "$(TARGET_NAME)";
				SWIFT_VERSION = 4.0;
				TARGETED_DEVICE_FAMILY = "1,2";
			};
			name = Release;
		};
		4EFAFCA2445A84CD12440357 /* Debug */ = {
			isa = XCBuildConfiguration;
			buildSettings = {
				ALWAYS_SEARCH_USER_PATHS = NO;
				CLANG_ANALYZER_NONNULL = YES;
				CLANG_ANALYZER_NUMBER_OBJECT_CONVERSION = YES_AGGRESSIVE;
				CLANG_CXX_LANGUAGE_STANDARD = "gnu++14";
				CLANG_CXX_LIBRARY = "libc++";
				CLANG_ENABLE_MODULES = YES;
				CLANG_ENABLE_OBJC_ARC = YES;
				CLANG_WARN_BLOCK_CAPTURE_AUTORELEASING = YES;
				CLANG_WARN_BOOL_CONVERSION = YES;
				CLANG_WARN_COMMA = YES;
				CLANG_WARN_CONSTANT_CONVERSION = YES;
				CLANG_WARN_DIRECT_OBJC_ISA_USAGE = YES_ERROR;
				CLANG_WARN_DOCUMENTATION_COMMENTS = YES;
				CLANG_WARN_EMPTY_BODY = YES;
				CLANG_WARN_ENUM_CONVERSION = YES;
				CLANG_WARN_INFINITE_RECURSION = YES;
				CLANG_WARN_INT_CONVERSION = YES;
				CLANG_WARN_NON_LITERAL_NULL_CONVERSION = YES;
				CLANG_WARN_OBJC_LITERAL_CONVERSION = YES;
				CLANG_WARN_OBJC_ROOT_CLASS = YES_ERROR;
				CLANG_WARN_RANGE_LOOP_ANALYSIS = YES;
				CLANG_WARN_STRICT_PROTOTYPES = YES;
				CLANG_WARN_SUSPICIOUS_MOVE = YES;
				CLANG_WARN_UNGUARDED_AVAILABILITY = YES_AGGRESSIVE;
				CLANG_WARN_UNREACHABLE_CODE = YES;
				CLANG_WARN__DUPLICATE_METHOD_MATCH = YES;
				CODE_SIGN_IDENTITY = "iPhone Developer";
				COPY_PHASE_STRIP = NO;
				DEBUG_INFORMATION_FORMAT = dwarf;
				ENABLE_STRICT_OBJC_MSGSEND = YES;
				ENABLE_TESTABILITY = YES;
				GCC_C_LANGUAGE_STANDARD = gnu11;
				GCC_DYNAMIC_NO_PIC = NO;
				GCC_NO_COMMON_BLOCKS = YES;
				GCC_OPTIMIZATION_LEVEL = 0;
				GCC_PREPROCESSOR_DEFINITIONS = (
					"DEBUG=1",
					"$(inherited)",
				);
				GCC_WARN_64_TO_32_BIT_CONVERSION = YES;
				GCC_WARN_ABOUT_RETURN_TYPE = YES_ERROR;
				GCC_WARN_UNDECLARED_SELECTOR = YES;
				GCC_WARN_UNINITIALIZED_AUTOS = YES_AGGRESSIVE;
				GCC_WARN_UNUSED_FUNCTION = YES;
				GCC_WARN_UNUSED_VARIABLE = YES;
				IPHONEOS_DEPLOYMENT_TARGET = 11.2;
				MTL_ENABLE_DEBUG_INFO = YES;
				ONLY_ACTIVE_ARCH = YES;
				SDKROOT = iphoneos;
				SWIFT_ACTIVE_COMPILATION_CONDITIONS = DEBUG;
				SWIFT_OPTIMIZATION_LEVEL = "-Onone";
			};
			name = Debug;
		};
		4EFAFD78BB3E2D60A2E4B24D /* Debug */ = {
			isa = XCBuildConfiguration;
			baseConfigurationReference = F44B304770CF12507A4FB195 /* Pods-Cerberus.debug.xcconfig */;
			buildSettings = {
				ASSETCATALOG_COMPILER_APPICON_NAME = AppIcon;
				INFOPLIST_FILE = Cerberus/Info.plist;
				LD_RUNPATH_SEARCH_PATHS = "$(inherited) @executable_path/Frameworks";
				PRODUCT_BUNDLE_IDENTIFIER = com.treehacks2018.Cerberus;
				PRODUCT_NAME = "$(TARGET_NAME)";
				SWIFT_VERSION = 4.0;
				TARGETED_DEVICE_FAMILY = "1,2";
			};
			name = Debug;
		};
		4EFAFF7F24CC06DE866730AE /* Release */ = {
			isa = XCBuildConfiguration;
			buildSettings = {
				ALWAYS_SEARCH_USER_PATHS = NO;
				CLANG_ANALYZER_NONNULL = YES;
				CLANG_ANALYZER_NUMBER_OBJECT_CONVERSION = YES_AGGRESSIVE;
				CLANG_CXX_LANGUAGE_STANDARD = "gnu++14";
				CLANG_CXX_LIBRARY = "libc++";
				CLANG_ENABLE_MODULES = YES;
				CLANG_ENABLE_OBJC_ARC = YES;
				CLANG_WARN_BLOCK_CAPTURE_AUTORELEASING = YES;
				CLANG_WARN_BOOL_CONVERSION = YES;
				CLANG_WARN_COMMA = YES;
				CLANG_WARN_CONSTANT_CONVERSION = YES;
				CLANG_WARN_DIRECT_OBJC_ISA_USAGE = YES_ERROR;
				CLANG_WARN_DOCUMENTATION_COMMENTS = YES;
				CLANG_WARN_EMPTY_BODY = YES;
				CLANG_WARN_ENUM_CONVERSION = YES;
				CLANG_WARN_INFINITE_RECURSION = YES;
				CLANG_WARN_INT_CONVERSION = YES;
				CLANG_WARN_NON_LITERAL_NULL_CONVERSION = YES;
				CLANG_WARN_OBJC_LITERAL_CONVERSION = YES;
				CLANG_WARN_OBJC_ROOT_CLASS = YES_ERROR;
				CLANG_WARN_RANGE_LOOP_ANALYSIS = YES;
				CLANG_WARN_STRICT_PROTOTYPES = YES;
				CLANG_WARN_SUSPICIOUS_MOVE = YES;
				CLANG_WARN_UNGUARDED_AVAILABILITY = YES_AGGRESSIVE;
				CLANG_WARN_UNREACHABLE_CODE = YES;
				CLANG_WARN__DUPLICATE_METHOD_MATCH = YES;
				CODE_SIGN_IDENTITY = "iPhone Developer";
				COPY_PHASE_STRIP = NO;
				DEBUG_INFORMATION_FORMAT = "dwarf-with-dsym";
				ENABLE_NS_ASSERTIONS = NO;
				ENABLE_STRICT_OBJC_MSGSEND = YES;
				GCC_C_LANGUAGE_STANDARD = gnu11;
				GCC_NO_COMMON_BLOCKS = YES;
				GCC_WARN_64_TO_32_BIT_CONVERSION = YES;
				GCC_WARN_ABOUT_RETURN_TYPE = YES_ERROR;
				GCC_WARN_UNDECLARED_SELECTOR = YES;
				GCC_WARN_UNINITIALIZED_AUTOS = YES_AGGRESSIVE;
				GCC_WARN_UNUSED_FUNCTION = YES;
				GCC_WARN_UNUSED_VARIABLE = YES;
				IPHONEOS_DEPLOYMENT_TARGET = 11.2;
				MTL_ENABLE_DEBUG_INFO = NO;
				SDKROOT = iphoneos;
				SWIFT_OPTIMIZATION_LEVEL = "-Owholemodule";
				VALIDATE_PRODUCT = YES;
			};
			name = Release;
		};
/* End XCBuildConfiguration section */

/* Begin XCConfigurationList section */
		4EFAF4DBE495CA399D44DACF /* Build configuration list for PBXProject "Cerberus" */ = {
			isa = XCConfigurationList;
			buildConfigurations = (
				4EFAFCA2445A84CD12440357 /* Debug */,
				4EFAFF7F24CC06DE866730AE /* Release */,
			);
			defaultConfigurationIsVisible = 0;
			defaultConfigurationName = Release;
		};
		4EFAFE7C3C376E027068D55D /* Build configuration list for PBXNativeTarget "Cerberus" */ = {
			isa = XCConfigurationList;
			buildConfigurations = (
				4EFAFD78BB3E2D60A2E4B24D /* Debug */,
				4EFAF344AA8FFD89AF17E022 /* Release */,
			);
			defaultConfigurationIsVisible = 0;
			defaultConfigurationName = Release;
		};
/* End XCConfigurationList section */
	};
	rootObject = 4EFAF909B076F373451EB305 /* Project object */;
}
